
Microsoft Visual Studio Solution File, Format Version 12.00
# Visual Studio Version 17
VisualStudioVersion = 17.2.32630.192
MinimumVisualStudioVersion = 10.0.40219.1
Project("{FAE04EC0-301F-11D3-BF4B-00C04F79EFBC}") = "EncryptionStandalone", "EncryptionStandalone\EncryptionStandalone.csproj", "{9DF0FBA8-CF86-476C-B8A4-85386CABCF38}"
EndProject
Global
	GlobalSection(SolutionConfigurationPlatforms) = preSolution
		Debug|Any CPU = Debug|Any CPU
		Release|Any CPU = Release|Any CPU
	EndGlobalSection
	GlobalSection(ProjectConfigurationPlatforms) = postSolution
		{9DF0FBA8-CF86-476C-B8A4-85386CABCF38}.Debug|Any CPU.ActiveCfg = Debug|Any CPU
		{9DF0FBA8-CF86-476C-B8A4-85386CABCF38}.Debug|Any CPU.Build.0 = Debug|Any CPU
		{9DF0FBA8-CF86-476C-B8A4-85386CABCF38}.Release|Any CPU.ActiveCfg = Release|Any CPU
		{9DF0FBA8-CF86-476C-B8A4-85386CABCF38}.Release|Any CPU.Build.0 = Release|Any CPU
	EndGlobalSection
	GlobalSection(SolutionProperties) = preSolution
		HideSolutionNode = FALSE
	EndGlobalSection
	GlobalSection(ExtensibilityGlobals) = postSolution
		SolutionGuid = {7D9E6124-A9D0-4575-97AF-D77B3785005B}
	EndGlobalSection
EndGlobal
